{
  "name": "prisma-query-shatab",
  "version": "1.0.6",
  "lockfileVersion": 3,
  "requires": true,
  "packages": {
    "": {
      "name": "prisma-query-shatab",
      "version": "1.0.6",
      "license": "MIT",
      "peerDependencies": {
        "@prisma/client": ">=5.0.0 <7.0.0"
      }
    },
    "node_modules/@prisma/client": {
      "version": "6.16.1",
      "resolved": "https://registry.npmjs.org/@prisma/client/-/client-6.16.1.tgz",
      "integrity": "sha512-QaBCOY29lLAxEFFJgBPyW3WInCW52fJeQTmWx/h6YsP5u0bwuqP51aP0uhqFvhK9DaZPwvai/M4tSDYLVE9vRg==",
      "hasInstallScript": true,
      "license": "Apache-2.0",
      "peer": true,
      "engines": {
        "node": ">=18.18"
      },
      "peerDependencies": {
        "prisma": "*",
        "typescript": ">=5.1.0"
      },
      "peerDependenciesMeta": {
        "prisma": {
          "optional": true
        },
        "typescript": {
          "optional": true
        }
      }
    },
    "node_modules/typescript": {
      "version": "5.9.2",
      "resolved": "https://registry.npmjs.org/typescript/-/typescript-5.9.2.tgz",
      "integrity": "sha512-CWBzXQrc/qOkhidw1OzBTQuYRbfyxDXJMVJ1XNwUHGROVmuaeiEm3OslpZ1RV96d7SKKjZKrSJu3+t/xlw3R9A==",
      "license": "Apache-2.0",
      "optional": true,
      "peer": true,
      "bin": {
        "tsc": "bin/tsc",
        "tsserver": "bin/tsserver"
      },
      "engines": {
        "node": ">=14.17"
      }
    }
  }
}
